
Microsoft Visual Studio Solution File, Format Version 12.00
# Visual Studio Version 17
VisualStudioVersion = 17.7.34031.279
MinimumVisualStudioVersion = 10.0.40219.1
Project("{FAE04EC0-301F-11D3-BF4B-00C04F79EFBC}") = "ConsoleTmsTask7", "ConsoleTmsTask7\ConsoleTmsTask7.csproj", "{2920013E-2B99-4DAE-8C8A-A8A3CE5850B1}"
EndProject
Global
	GlobalSection(SolutionConfigurationPlatforms) = preSolution
		Debug|Any CPU = Debug|Any CPU
		Release|Any CPU = Release|Any CPU
	EndGlobalSection
	GlobalSection(ProjectConfigurationPlatforms) = postSolution
		{2920013E-2B99-4DAE-8C8A-A8A3CE5850B1}.Debug|Any CPU.ActiveCfg = Debug|Any CPU
		{2920013E-2B99-4DAE-8C8A-A8A3CE5850B1}.Debug|Any CPU.Build.0 = Debug|Any CPU
		{2920013E-2B99-4DAE-8C8A-A8A3CE5850B1}.Release|Any CPU.ActiveCfg = Release|Any CPU
		{2920013E-2B99-4DAE-8C8A-A8A3CE5850B1}.Release|Any CPU.Build.0 = Release|Any CPU
	EndGlobalSection
	GlobalSection(SolutionProperties) = preSolution
		HideSolutionNode = FALSE
	EndGlobalSection
	GlobalSection(ExtensibilityGlobals) = postSolution
		SolutionGuid = {41AC2F27-ABED-443C-8AAA-0200FD8E889B}
	EndGlobalSection
EndGlobal
