
Microsoft Visual Studio Solution File, Format Version 12.00
# Visual Studio Version 17
VisualStudioVersion = 17.7.34031.279
MinimumVisualStudioVersion = 10.0.40219.1
Project("{FAE04EC0-301F-11D3-BF4B-00C04F79EFBC}") = "ConsoleTmsTask9", "ConsoleTmsTask9\ConsoleTmsTask9.csproj", "{EDA3D5C5-098F-46AA-9CAF-1C115EE48F3E}"
EndProject
Global
	GlobalSection(SolutionConfigurationPlatforms) = preSolution
		Debug|Any CPU = Debug|Any CPU
		Release|Any CPU = Release|Any CPU
	EndGlobalSection
	GlobalSection(ProjectConfigurationPlatforms) = postSolution
		{EDA3D5C5-098F-46AA-9CAF-1C115EE48F3E}.Debug|Any CPU.ActiveCfg = Debug|Any CPU
		{EDA3D5C5-098F-46AA-9CAF-1C115EE48F3E}.Debug|Any CPU.Build.0 = Debug|Any CPU
		{EDA3D5C5-098F-46AA-9CAF-1C115EE48F3E}.Release|Any CPU.ActiveCfg = Release|Any CPU
		{EDA3D5C5-098F-46AA-9CAF-1C115EE48F3E}.Release|Any CPU.Build.0 = Release|Any CPU
	EndGlobalSection
	GlobalSection(SolutionProperties) = preSolution
		HideSolutionNode = FALSE
	EndGlobalSection
	GlobalSection(ExtensibilityGlobals) = postSolution
		SolutionGuid = {B121497E-3606-4746-B863-FF859DC95319}
	EndGlobalSection
EndGlobal
