
Microsoft Visual Studio Solution File, Format Version 12.00
# Visual Studio Version 17
VisualStudioVersion = 17.7.34031.279
MinimumVisualStudioVersion = 10.0.40219.1
Project("{FAE04EC0-301F-11D3-BF4B-00C04F79EFBC}") = "ConsoleTmsTask5", "ConsoleTmsTask5\ConsoleTmsTask5.csproj", "{D4AA9EEB-817B-4087-A28E-1E92FAE28408}"
EndProject
Global
	GlobalSection(SolutionConfigurationPlatforms) = preSolution
		Debug|Any CPU = Debug|Any CPU
		Release|Any CPU = Release|Any CPU
	EndGlobalSection
	GlobalSection(ProjectConfigurationPlatforms) = postSolution
		{D4AA9EEB-817B-4087-A28E-1E92FAE28408}.Debug|Any CPU.ActiveCfg = Debug|Any CPU
		{D4AA9EEB-817B-4087-A28E-1E92FAE28408}.Debug|Any CPU.Build.0 = Debug|Any CPU
		{D4AA9EEB-817B-4087-A28E-1E92FAE28408}.Release|Any CPU.ActiveCfg = Release|Any CPU
		{D4AA9EEB-817B-4087-A28E-1E92FAE28408}.Release|Any CPU.Build.0 = Release|Any CPU
	EndGlobalSection
	GlobalSection(SolutionProperties) = preSolution
		HideSolutionNode = FALSE
	EndGlobalSection
	GlobalSection(ExtensibilityGlobals) = postSolution
		SolutionGuid = {62D8CB67-1595-41DB-9873-65B754BBFFC1}
	EndGlobalSection
EndGlobal
