
Microsoft Visual Studio Solution File, Format Version 12.00
# Visual Studio Version 17
VisualStudioVersion = 17.7.34221.43
MinimumVisualStudioVersion = 10.0.40219.1
Project("{9A19103F-16F7-4668-BE54-9A1E7A4F7556}") = "TmsMvcTask13", "TmsMvcTask13\TmsMvcTask13.csproj", "{13C063C4-A4BE-4182-B6B2-A58DD2BCDE2E}"
EndProject
Global
	GlobalSection(SolutionConfigurationPlatforms) = preSolution
		Debug|Any CPU = Debug|Any CPU
		Release|Any CPU = Release|Any CPU
	EndGlobalSection
	GlobalSection(ProjectConfigurationPlatforms) = postSolution
		{13C063C4-A4BE-4182-B6B2-A58DD2BCDE2E}.Debug|Any CPU.ActiveCfg = Debug|Any CPU
		{13C063C4-A4BE-4182-B6B2-A58DD2BCDE2E}.Debug|Any CPU.Build.0 = Debug|Any CPU
		{13C063C4-A4BE-4182-B6B2-A58DD2BCDE2E}.Release|Any CPU.ActiveCfg = Release|Any CPU
		{13C063C4-A4BE-4182-B6B2-A58DD2BCDE2E}.Release|Any CPU.Build.0 = Release|Any CPU
	EndGlobalSection
	GlobalSection(SolutionProperties) = preSolution
		HideSolutionNode = FALSE
	EndGlobalSection
	GlobalSection(ExtensibilityGlobals) = postSolution
		SolutionGuid = {A0E47E40-450A-4116-A551-A66B35108315}
	EndGlobalSection
EndGlobal
